// !$*UTF8*$!
{
	archiveVersion = 1;
	classes = {
	};
	objectVersion = 50;
	objects = {

/* Begin PBXBuildFile section */
		4A1B895726419CD500E07021 /* Sandwich.swift in Sources */ = {isa = PBXBuildFile; fileRef = 4A1B895626419CD500E07021 /* Sandwich.swift */; };
		4A1B895826419CD500E07021 /* Sandwich.swift in Sources */ = {isa = PBXBuildFile; fileRef = 4A1B895626419CD500E07021 /* Sandwich.swift */; };
		4A2A2C4F26418D3C00A07E45 /* Multi_Platform_01App.swift in Sources */ = {isa = PBXBuildFile; fileRef = 4A2A2C3C26418D3B00A07E45 /* Multi_Platform_01App.swift */; };
		4A2A2C5026418D3C00A07E45 /* Multi_Platform_01App.swift in Sources */ = {isa = PBXBuildFile; fileRef = 4A2A2C3C26418D3B00A07E45 /* Multi_Platform_01App.swift */; };
		4A2A2C5126418D3C00A07E45 /* MainView.swift in Sources */ = {isa = PBXBuildFile; fileRef = 4A2A2C3D26418D3B00A07E45 /* MainView.swift */; };
		4A2A2C5226418D3C00A07E45 /* MainView.swift in Sources */ = {isa = PBXBuildFile; fileRef = 4A2A2C3D26418D3B00A07E45 /* MainView.swift */; };
		4A2A2C5326418D3C00A07E45 /* Assets.xcassets in Resources */ = {isa = PBXBuildFile; fileRef = 4A2A2C3E26418D3C00A07E45 /* Assets.xcassets */; };
		4A2A2C5426418D3C00A07E45 /* Assets.xcassets in Resources */ = {isa = PBXBuildFile; fileRef = 4A2A2C3E26418D3C00A07E45 /* Assets.xcassets */; };
		4A55216826426EDE00DEA3C7 /* sandwichData.swift in Sources */ = {isa = PBXBuildFile; fileRef = 4A55216726426EDE00DEA3C7 /* sandwichData.swift */; };
		4A55216C26427D6400DEA3C7 /* SandwichCell.swift in Sources */ = {isa = PBXBuildFile; fileRef = 4A55216B26427D6400DEA3C7 /* SandwichCell.swift */; };
		4A55216D26427D6400DEA3C7 /* SandwichCell.swift in Sources */ = {isa = PBXBuildFile; fileRef = 4A55216B26427D6400DEA3C7 /* SandwichCell.swift */; };
		4A55216F26427F7A00DEA3C7 /* SandwichRow.swift in Sources */ = {isa = PBXBuildFile; fileRef = 4A55216E26427F7A00DEA3C7 /* SandwichRow.swift */; };
		4A55217026427F7A00DEA3C7 /* SandwichRow.swift in Sources */ = {isa = PBXBuildFile; fileRef = 4A55216E26427F7A00DEA3C7 /* SandwichRow.swift */; };
		4A552173264281E500DEA3C7 /* SandwichDetail.swift in Sources */ = {isa = PBXBuildFile; fileRef = 4A552172264281E500DEA3C7 /* SandwichDetail.swift */; };
		4A552174264281E500DEA3C7 /* SandwichDetail.swift in Sources */ = {isa = PBXBuildFile; fileRef = 4A552172264281E500DEA3C7 /* SandwichDetail.swift */; };
		4A5521752642DCD800DEA3C7 /* sandwichData.swift in Sources */ = {isa = PBXBuildFile; fileRef = 4A55216726426EDE00DEA3C7 /* sandwichData.swift */; };
/* End PBXBuildFile section */

/* Begin PBXFileReference section */
		4A1B895626419CD500E07021 /* Sandwich.swift */ = {isa = PBXFileReference; lastKnownFileType = sourcecode.swift; path = Sandwich.swift; sourceTree = "<group>"; };
		4A2A2C3C26418D3B00A07E45 /* Multi_Platform_01App.swift */ = {isa = PBXFileReference; lastKnownFileType = sourcecode.swift; path = Multi_Platform_01App.swift; sourceTree = "<group>"; };
		4A2A2C3D26418D3B00A07E45 /* MainView.swift */ = {isa = PBXFileReference; lastKnownFileType = sourcecode.swift; path = MainView.swift; sourceTree = "<group>"; };
		4A2A2C3E26418D3C00A07E45 /* Assets.xcassets */ = {isa = PBXFileReference; lastKnownFileType = folder.assetcatalog; path = Assets.xcassets; sourceTree = "<group>"; };
		4A2A2C4326418D3C00A07E45 /* Multi Platform 01.app */ = {isa = PBXFileReference; explicitFileType = wrapper.application; includeInIndex = 0; path = "Multi Platform 01.app"; sourceTree = BUILT_PRODUCTS_DIR; };
		4A2A2C4626418D3C00A07E45 /* Info.plist */ = {isa = PBXFileReference; lastKnownFileType = text.plist.xml; path = Info.plist; sourceTree = "<group>"; };
		4A2A2C4B26418D3C00A07E45 /* Multi Platform 01.app */ = {isa = PBXFileReference; explicitFileType = wrapper.application; includeInIndex = 0; path = "Multi Platform 01.app"; sourceTree = BUILT_PRODUCTS_DIR; };
		4A2A2C4D26418D3C00A07E45 /* Info.plist */ = {isa = PBXFileReference; lastKnownFileType = text.plist.xml; path = Info.plist; sourceTree = "<group>"; };
		4A2A2C4E26418D3C00A07E45 /* macOS.entitlements */ = {isa = PBXFileReference; lastKnownFileType = text.plist.entitlements; path = macOS.entitlements; sourceTree = "<group>"; };
		4A55216726426EDE00DEA3C7 /* sandwichData.swift */ = {isa = PBXFileReference; lastKnownFileType = sourcecode.swift; path = sandwichData.swift; sourceTree = "<group>"; };
		4A55216B26427D6400DEA3C7 /* SandwichCell.swift */ = {isa = PBXFileReference; lastKnownFileType = sourcecode.swift; path = SandwichCell.swift; sourceTree = "<group>"; };
		4A55216E26427F7A00DEA3C7 /* SandwichRow.swift */ = {isa = PBXFileReference; lastKnownFileType = sourcecode.swift; path = SandwichRow.swift; sourceTree = "<group>"; };
		4A552172264281E500DEA3C7 /* SandwichDetail.swift */ = {isa = PBXFileReference; lastKnownFileType = sourcecode.swift; path = SandwichDetail.swift; sourceTree = "<group>"; };
/* End PBXFileReference section */

/* Begin PBXFrameworksBuildPhase section */
		4A2A2C4026418D3C00A07E45 /* Frameworks */ = {
			isa = PBXFrameworksBuildPhase;
			buildActionMask = 2147483647;
			files = (
			);
			runOnlyForDeploymentPostprocessing = 0;
		};
		4A2A2C4826418D3C00A07E45 /* Frameworks */ = {
			isa = PBXFrameworksBuildPhase;
			buildActionMask = 2147483647;
			files = (
			);
			runOnlyForDeploymentPostprocessing = 0;
		};
/* End PBXFrameworksBuildPhase section */

/* Begin PBXGroup section */
		4A1B895526419CBE00E07021 /* Model */ = {
			isa = PBXGroup;
			children = (
				4A1B895626419CD500E07021 /* Sandwich.swift */,
			);
			path = Model;
			sourceTree = "<group>";
		};
		4A1B895926419CDC00E07021 /* Views */ = {
			isa = PBXGroup;
			children = (
				4A2A2C3D26418D3B00A07E45 /* MainView.swift */,
				4A55217126427FAF00DEA3C7 /* Sandwich */,
			);
			path = Views;
			sourceTree = "<group>";
		};
		4A2A2C3626418D3B00A07E45 = {
			isa = PBXGroup;
			children = (
				4A2A2C3B26418D3B00A07E45 /* Shared */,
				4A2A2C4526418D3C00A07E45 /* iOS */,
				4A2A2C4C26418D3C00A07E45 /* macOS */,
				4A2A2C4426418D3C00A07E45 /* Products */,
			);
			sourceTree = "<group>";
		};
		4A2A2C3B26418D3B00A07E45 /* Shared */ = {
			isa = PBXGroup;
			children = (
				4A2A2C3C26418D3B00A07E45 /* Multi_Platform_01App.swift */,
				4A1B895526419CBE00E07021 /* Model */,
				4A1B895926419CDC00E07021 /* Views */,
				4A55216626426ECF00DEA3C7 /* Data */,
				4A2A2C3E26418D3C00A07E45 /* Assets.xcassets */,
			);
			path = Shared;
			sourceTree = "<group>";
		};
		4A2A2C4426418D3C00A07E45 /* Products */ = {
			isa = PBXGroup;
			children = (
				4A2A2C4326418D3C00A07E45 /* Multi Platform 01.app */,
				4A2A2C4B26418D3C00A07E45 /* Multi Platform 01.app */,
			);
			name = Products;
			sourceTree = "<group>";
		};
		4A2A2C4526418D3C00A07E45 /* iOS */ = {
			isa = PBXGroup;
			children = (
				4A2A2C4626418D3C00A07E45 /* Info.plist */,
			);
			path = iOS;
			sourceTree = "<group>";
		};
		4A2A2C4C26418D3C00A07E45 /* macOS */ = {
			isa = PBXGroup;
			children = (
				4A2A2C4D26418D3C00A07E45 /* Info.plist */,
				4A2A2C4E26418D3C00A07E45 /* macOS.entitlements */,
			);
			path = macOS;
			sourceTree = "<group>";
		};
		4A55216626426ECF00DEA3C7 /* Data */ = {
			isa = PBXGroup;
			children = (
				4A55216726426EDE00DEA3C7 /* sandwichData.swift */,
			);
			path = Data;
			sourceTree = "<group>";
		};
		4A55217126427FAF00DEA3C7 /* Sandwich */ = {
			isa = PBXGroup;
			children = (
				4A55216E26427F7A00DEA3C7 /* SandwichRow.swift */,
				4A55216B26427D6400DEA3C7 /* SandwichCell.swift */,
				4A552172264281E500DEA3C7 /* SandwichDetail.swift */,
			);
			path = Sandwich;
			sourceTree = "<group>";
		};
/* End PBXGroup section */

/* Begin PBXNativeTarget section */
		4A2A2C4226418D3C00A07E45 /* Multi Platform 01 (iOS) */ = {
			isa = PBXNativeTarget;
			buildConfigurationList = 4A2A2C5726418D3C00A07E45 /* Build configuration list for PBXNativeTarget "Multi Platform 01 (iOS)" */;
			buildPhases = (
				4A2A2C3F26418D3C00A07E45 /* Sources */,
				4A2A2C4026418D3C00A07E45 /* Frameworks */,
				4A2A2C4126418D3C00A07E45 /* Resources */,
			);
			buildRules = (
			);
			dependencies = (
			);
			name = "Multi Platform 01 (iOS)";
			productName = "Multi Platform 01 (iOS)";
			productReference = 4A2A2C4326418D3C00A07E45 /* Multi Platform 01.app */;
			productType = "com.apple.product-type.application";
		};
		4A2A2C4A26418D3C00A07E45 /* Multi Platform 01 (macOS) */ = {
			isa = PBXNativeTarget;
			buildConfigurationList = 4A2A2C5A26418D3C00A07E45 /* Build configuration list for PBXNativeTarget "Multi Platform 01 (macOS)" */;
			buildPhases = (
				4A2A2C4726418D3C00A07E45 /* Sources */,
				4A2A2C4826418D3C00A07E45 /* Frameworks */,
				4A2A2C4926418D3C00A07E45 /* Resources */,
			);
			buildRules = (
			);
			dependencies = (
			);
			name = "Multi Platform 01 (macOS)";
			productName = "Multi Platform 01 (macOS)";
			productReference = 4A2A2C4B26418D3C00A07E45 /* Multi Platform 01.app */;
			productType = "com.apple.product-type.application";
		};
/* End PBXNativeTarget section */

/* Begin PBXProject section */
		4A2A2C3726418D3B00A07E45 /* Project object */ = {
			isa = PBXProject;
			attributes = {
				LastSwiftUpdateCheck = 1250;
				LastUpgradeCheck = 1250;
				TargetAttributes = {
					4A2A2C4226418D3C00A07E45 = {
						CreatedOnToolsVersion = 12.5;
					};
					4A2A2C4A26418D3C00A07E45 = {
						CreatedOnToolsVersion = 12.5;
					};
				};
			};
			buildConfigurationList = 4A2A2C3A26418D3B00A07E45 /* Build configuration list for PBXProject "Multi Platform 01" */;
			compatibilityVersion = "Xcode 9.3";
			developmentRegion = en;
			hasScannedForEncodings = 0;
			knownRegions = (
				en,
				Base,
			);
			mainGroup = 4A2A2C3626418D3B00A07E45;
			productRefGroup = 4A2A2C4426418D3C00A07E45 /* Products */;
			projectDirPath = "";
			projectRoot = "";
			targets = (
				4A2A2C4226418D3C00A07E45 /* Multi Platform 01 (iOS) */,
				4A2A2C4A26418D3C00A07E45 /* Multi Platform 01 (macOS) */,
			);
		};
/* End PBXProject section */

/* Begin PBXResourcesBuildPhase section */
		4A2A2C4126418D3C00A07E45 /* Resources */ = {
			isa = PBXResourcesBuildPhase;
			buildActionMask = 2147483647;
			files = (
				4A2A2C5326418D3C00A07E45 /* Assets.xcassets in Resources */,
			);
			runOnlyForDeploymentPostprocessing = 0;
		};
		4A2A2C4926418D3C00A07E45 /* Resources */ = {
			isa = PBXResourcesBuildPhase;
			buildActionMask = 2147483647;
			files = (
				4A2A2C5426418D3C00A07E45 /* Assets.xcassets in Resources */,
			);
			runOnlyForDeploymentPostprocessing = 0;
		};
/* End PBXResourcesBuildPhase section */

/* Begin PBXSourcesBuildPhase section */
		4A2A2C3F26418D3C00A07E45 /* Sources */ = {
			isa = PBXSourcesBuildPhase;
			buildActionMask = 2147483647;
			files = (
				4A55216C26427D6400DEA3C7 /* SandwichCell.swift in Sources */,
				4A55216826426EDE00DEA3C7 /* sandwichData.swift in Sources */,
				4A2A2C5126418D3C00A07E45 /* MainView.swift in Sources */,
				4A2A2C4F26418D3C00A07E45 /* Multi_Platform_01App.swift in Sources */,
				4A552173264281E500DEA3C7 /* SandwichDetail.swift in Sources */,
				4A1B895726419CD500E07021 /* Sandwich.swift in Sources */,
				4A55216F26427F7A00DEA3C7 /* SandwichRow.swift in Sources */,
			);
			runOnlyForDeploymentPostprocessing = 0;
		};
		4A2A2C4726418D3C00A07E45 /* Sources */ = {
			isa = PBXSourcesBuildPhase;
			buildActionMask = 2147483647;
			files = (
				4A55217026427F7A00DEA3C7 /* SandwichRow.swift in Sources */,
				4A552174264281E500DEA3C7 /* SandwichDetail.swift in Sources */,
				4A2A2C5226418D3C00A07E45 /* MainView.swift in Sources */,
				4A5521752642DCD800DEA3C7 /* sandwichData.swift in Sources */,
				4A2A2C5026418D3C00A07E45 /* Multi_Platform_01App.swift in Sources */,
				4A55216D26427D6400DEA3C7 /* SandwichCell.swift in Sources */,
				4A1B895826419CD500E07021 /* Sandwich.swift in Sources */,
			);
			runOnlyForDeploymentPostprocessing = 0;
		};
/* End PBXSourcesBuildPhase section */

/* Begin XCBuildConfiguration section */
		4A2A2C5526418D3C00A07E45 /* Debug */ = {
			isa = XCBuildConfiguration;
			buildSettings = {
				ALWAYS_SEARCH_USER_PATHS = NO;
				CLANG_ANALYZER_NONNULL = YES;
				CLANG_ANALYZER_NUMBER_OBJECT_CONVERSION = YES_AGGRESSIVE;
				CLANG_CXX_LANGUAGE_STANDARD = "gnu++14";
				CLANG_CXX_LIBRARY = "libc++";
				CLANG_ENABLE_MODULES = YES;
				CLANG_ENABLE_OBJC_ARC = YES;
				CLANG_ENABLE_OBJC_WEAK = YES;
				CLANG_WARN_BLOCK_CAPTURE_AUTORELEASING = YES;
				CLANG_WARN_BOOL_CONVERSION = YES;
				CLANG_WARN_COMMA = YES;
				CLANG_WARN_CONSTANT_CONVERSION = YES;
				CLANG_WARN_DEPRECATED_OBJC_IMPLEMENTATIONS = YES;
				CLANG_WARN_DIRECT_OBJC_ISA_USAGE = YES_ERROR;
				CLANG_WARN_DOCUMENTATION_COMMENTS = YES;
				CLANG_WARN_EMPTY_BODY = YES;
				CLANG_WARN_ENUM_CONVERSION = YES;
				CLANG_WARN_INFINITE_RECURSION = YES;
				CLANG_WARN_INT_CONVERSION = YES;
				CLANG_WARN_NON_LITERAL_NULL_CONVERSION = YES;
				CLANG_WARN_OBJC_IMPLICIT_RETAIN_SELF = YES;
				CLANG_WARN_OBJC_LITERAL_CONVERSION = YES;
				CLANG_WARN_OBJC_ROOT_CLASS = YES_ERROR;
				CLANG_WARN_QUOTED_INCLUDE_IN_FRAMEWORK_HEADER = YES;
				CLANG_WARN_RANGE_LOOP_ANALYSIS = YES;
				CLANG_WARN_STRICT_PROTOTYPES = YES;
				CLANG_WARN_SUSPICIOUS_MOVE = YES;
				CLANG_WARN_UNGUARDED_AVAILABILITY = YES_AGGRESSIVE;
				CLANG_WARN_UNREACHABLE_CODE = YES;
				CLANG_WARN__DUPLICATE_METHOD_MATCH = YES;
				COPY_PHASE_STRIP = NO;
				DEBUG_INFORMATION_FORMAT = dwarf;
				ENABLE_STRICT_OBJC_MSGSEND = YES;
				ENABLE_TESTABILITY = YES;
				GCC_C_LANGUAGE_STANDARD = gnu11;
				GCC_DYNAMIC_NO_PIC = NO;
				GCC_NO_COMMON_BLOCKS = YES;
				GCC_OPTIMIZATION_LEVEL = 0;
				GCC_PREPROCESSOR_DEFINITIONS = (
					"DEBUG=1",
					"$(inherited)",
				);
				GCC_WARN_64_TO_32_BIT_CONVERSION = YES;
				GCC_WARN_ABOUT_RETURN_TYPE = YES_ERROR;
				GCC_WARN_UNDECLARED_SELECTOR = YES;
				GCC_WARN_UNINITIALIZED_AUTOS = YES_AGGRESSIVE;
				GCC_WARN_UNUSED_FUNCTION = YES;
				GCC_WARN_UNUSED_VARIABLE = YES;
				MTL_ENABLE_DEBUG_INFO = INCLUDE_SOURCE;
				MTL_FAST_MATH = YES;
				ONLY_ACTIVE_ARCH = YES;
				SWIFT_ACTIVE_COMPILATION_CONDITIONS = DEBUG;
				SWIFT_OPTIMIZATION_LEVEL = "-Onone";
			};
			name = Debug;
		};
		4A2A2C5626418D3C00A07E45 /* Release */ = {
			isa = XCBuildConfiguration;
			buildSettings = {
				ALWAYS_SEARCH_USER_PATHS = NO;
				CLANG_ANALYZER_NONNULL = YES;
				CLANG_ANALYZER_NUMBER_OBJECT_CONVERSION = YES_AGGRESSIVE;
				CLANG_CXX_LANGUAGE_STANDARD = "gnu++14";
				CLANG_CXX_LIBRARY = "libc++";
				CLANG_ENABLE_MODULES = YES;
				CLANG_ENABLE_OBJC_ARC = YES;
				CLANG_ENABLE_OBJC_WEAK = YES;
				CLANG_WARN_BLOCK_CAPTURE_AUTORELEASING = YES;
				CLANG_WARN_BOOL_CONVERSION = YES;
				CLANG_WARN_COMMA = YES;
				CLANG_WARN_CONSTANT_CONVERSION = YES;
				CLANG_WARN_DEPRECATED_OBJC_IMPLEMENTATIONS = YES;
				CLANG_WARN_DIRECT_OBJC_ISA_USAGE = YES_ERROR;
				CLANG_WARN_DOCUMENTATION_COMMENTS = YES;
				CLANG_WARN_EMPTY_BODY = YES;
				CLANG_WARN_ENUM_CONVERSION = YES;
				CLANG_WARN_INFINITE_RECURSION = YES;
				CLANG_WARN_INT_CONVERSION = YES;
				CLANG_WARN_NON_LITERAL_NULL_CONVERSION = YES;
				CLANG_WARN_OBJC_IMPLICIT_RETAIN_SELF = YES;
				CLANG_WARN_OBJC_LITERAL_CONVERSION = YES;
				CLANG_WARN_OBJC_ROOT_CLASS = YES_ERROR;
				CLANG_WARN_QUOTED_INCLUDE_IN_FRAMEWORK_HEADER = YES;
				CLANG_WARN_RANGE_LOOP_ANALYSIS = YES;
				CLANG_WARN_STRICT_PROTOTYPES = YES;
				CLANG_WARN_SUSPICIOUS_MOVE = YES;
				CLANG_WARN_UNGUARDED_AVAILABILITY = YES_AGGRESSIVE;
				CLANG_WARN_UNREACHABLE_CODE = YES;
				CLANG_WARN__DUPLICATE_METHOD_MATCH = YES;
				COPY_PHASE_STRIP = NO;
				DEBUG_INFORMATION_FORMAT = "dwarf-with-dsym";
				ENABLE_NS_ASSERTIONS = NO;
				ENABLE_STRICT_OBJC_MSGSEND = YES;
				GCC_C_LANGUAGE_STANDARD = gnu11;
				GCC_NO_COMMON_BLOCKS = YES;
				GCC_WARN_64_TO_32_BIT_CONVERSION = YES;
				GCC_WARN_ABOUT_RETURN_TYPE = YES_ERROR;
				GCC_WARN_UNDECLARED_SELECTOR = YES;
				GCC_WARN_UNINITIALIZED_AUTOS = YES_AGGRESSIVE;
				GCC_WARN_UNUSED_FUNCTION = YES;
				GCC_WARN_UNUSED_VARIABLE = YES;
				MTL_ENABLE_DEBUG_INFO = NO;
				MTL_FAST_MATH = YES;
				SWIFT_COMPILATION_MODE = wholemodule;
				SWIFT_OPTIMIZATION_LEVEL = "-O";
			};
			name = Release;
		};
		4A2A2C5826418D3C00A07E45 /* Debug */ = {
			isa = XCBuildConfiguration;
			buildSettings = {
				ASSETCATALOG_COMPILER_APPICON_NAME = AppIcon;
				ASSETCATALOG_COMPILER_GLOBAL_ACCENT_COLOR_NAME = AccentColor;
				CODE_SIGN_STYLE = Automatic;
				DEVELOPMENT_TEAM = 5NULCBGY98;
				ENABLE_PREVIEWS = YES;
				INFOPLIST_FILE = iOS/Info.plist;
				IPHONEOS_DEPLOYMENT_TARGET = 14.0;
				LD_RUNPATH_SEARCH_PATHS = (
					"$(inherited)",
					"@executable_path/Frameworks",
				);
				PRODUCT_BUNDLE_IDENTIFIER = "test.rkukuh.Multi-Platform-01";
				PRODUCT_NAME = "Multi Platform 01";
				SDKROOT = iphoneos;
				SWIFT_VERSION = 5.0;
				TARGETED_DEVICE_FAMILY = "1,2";
			};
			name = Debug;
		};
		4A2A2C5926418D3C00A07E45 /* Release */ = {
			isa = XCBuildConfiguration;
			buildSettings = {
				ASSETCATALOG_COMPILER_APPICON_NAME = AppIcon;
				ASSETCATALOG_COMPILER_GLOBAL_ACCENT_COLOR_NAME = AccentColor;
				CODE_SIGN_STYLE = Automatic;
				DEVELOPMENT_TEAM = 5NULCBGY98;
				ENABLE_PREVIEWS = YES;
				INFOPLIST_FILE = iOS/Info.plist;
				IPHONEOS_DEPLOYMENT_TARGET = 14.0;
				LD_RUNPATH_SEARCH_PATHS = (
					"$(inherited)",
					"@executable_path/Frameworks",
				);
				PRODUCT_BUNDLE_IDENTIFIER = "test.rkukuh.Multi-Platform-01";
				PRODUCT_NAME = "Multi Platform 01";
				SDKROOT = iphoneos;
				SWIFT_VERSION = 5.0;
				TARGETED_DEVICE_FAMILY = "1,2";
				VALIDATE_PRODUCT = YES;
			};
			name = Release;
		};
		4A2A2C5B26418D3C00A07E45 /* Debug */ = {
			isa = XCBuildConfiguration;
			buildSettings = {
				ASSETCATALOG_COMPILER_APPICON_NAME = AppIcon;
				ASSETCATALOG_COMPILER_GLOBAL_ACCENT_COLOR_NAME = AccentColor;
				CODE_SIGN_ENTITLEMENTS = macOS/macOS.entitlements;
				CODE_SIGN_STYLE = Automatic;
				COMBINE_HIDPI_IMAGES = YES;
				DEVELOPMENT_TEAM = 5NULCBGY98;
				ENABLE_HARDENED_RUNTIME = YES;
				ENABLE_PREVIEWS = YES;
				INFOPLIST_FILE = macOS/Info.plist;
				LD_RUNPATH_SEARCH_PATHS = (
					"$(inherited)",
					"@executable_path/../Frameworks",
				);
				MACOSX_DEPLOYMENT_TARGET = 11.0;
				PRODUCT_BUNDLE_IDENTIFIER = "test.rkukuh.Multi-Platform-01";
				PRODUCT_NAME = "Multi Platform 01";
				SDKROOT = macosx;
				SWIFT_VERSION = 5.0;
			};
			name = Debug;
		};
		4A2A2C5C26418D3C00A07E45 /* Release */ = {
			isa = XCBuildConfiguration;
			buildSettings = {
				ASSETCATALOG_COMPILER_APPICON_NAME = AppIcon;
				ASSETCATALOG_COMPILER_GLOBAL_ACCENT_COLOR_NAME = AccentColor;
				CODE_SIGN_ENTITLEMENTS = macOS/macOS.entitlements;
				CODE_SIGN_STYLE = Automatic;
				COMBINE_HIDPI_IMAGES = YES;
				DEVELOPMENT_TEAM = 5NULCBGY98;
				ENABLE_HARDENED_RUNTIME = YES;
				ENABLE_PREVIEWS = YES;
				INFOPLIST_FILE = macOS/Info.plist;
				LD_RUNPATH_SEARCH_PATHS = (
					"$(inherited)",
					"@executable_path/../Frameworks",
				);
				MACOSX_DEPLOYMENT_TARGET = 11.0;
				PRODUCT_BUNDLE_IDENTIFIER = "test.rkukuh.Multi-Platform-01";
				PRODUCT_NAME = "Multi Platform 01";
				SDKROOT = macosx;
				SWIFT_VERSION = 5.0;
			};
			name = Release;
		};
/* End XCBuildConfiguration section */

/* Begin XCConfigurationList section */
		4A2A2C3A26418D3B00A07E45 /* Build configuration list for PBXProject "Multi Platform 01" */ = {
			isa = XCConfigurationList;
			buildConfigurations = (
				4A2A2C5526418D3C00A07E45 /* Debug */,
				4A2A2C5626418D3C00A07E45 /* Release */,
			);
			defaultConfigurationIsVisible = 0;
			defaultConfigurationName = Release;
		};
		4A2A2C5726418D3C00A07E45 /* Build configuration list for PBXNativeTarget "Multi Platform 01 (iOS)" */ = {
			isa = XCConfigurationList;
			buildConfigurations = (
				4A2A2C5826418D3C00A07E45 /* Debug */,
				4A2A2C5926418D3C00A07E45 /* Release */,
			);
			defaultConfigurationIsVisible = 0;
			defaultConfigurationName = Release;
		};
		4A2A2C5A26418D3C00A07E45 /* Build configuration list for PBXNativeTarget "Multi Platform 01 (macOS)" */ = {
			isa = XCConfigurationList;
			buildConfigurations = (
				4A2A2C5B26418D3C00A07E45 /* Debug */,
				4A2A2C5C26418D3C00A07E45 /* Release */,
			);
			defaultConfigurationIsVisible = 0;
			defaultConfigurationName = Release;
		};
/* End XCConfigurationList section */
	};
	rootObject = 4A2A2C3726418D3B00A07E45 /* Project object */;
}
